{
  "pins" : [
    {
      "identity" : "audiokit",
      "kind" : "remoteSourceControl",
      "location" : "https://github.com/AudioKit/AudioKit.git",
      "state" : {
        "revision" : "e7f37266dc9200f04a2646b108acae98c87f8e46",
        "version" : "5.4.1"
      }
    },
    {
      "identity" : "audiokitex",
      "kind" : "remoteSourceControl",
      "location" : "https://github.com/AudioKit/AudioKitEX.git",
      "state" : {
        "revision" : "b66fb1e2922611ac0c5a7ac5bbe2731f9b5ce38b",
        "version" : "5.4.0"
      }
    },
    {
      "identity" : "dunneaudiokit",
      "kind" : "remoteSourceControl",
      "location" : "https://github.com/AudioKit/DunneAudioKit.git",
      "state" : {
        "revision" : "866d5c1dd6727cbfce314ff7187329ecf9960e88",
        "version" : "5.4.1"
      }
    },
    {
      "identity" : "kissfft",
      "kind" : "remoteSourceControl",
      "location" : "https://github.com/AudioKit/KissFFT",
      "state" : {
        "revision" : "dd0636e151724b8ba2e0908eba4d99a6ff24d00c",
        "version" : "1.0.0"
      }
    },
    {
      "identity" : "soundpipeaudiokit",
      "kind" : "remoteSourceControl",
      "location" : "https://github.com/AudioKit/SoundpipeAudioKit.git",
      "state" : {
        "revision" : "3be2802b20088de37f34f993966d918b65401a60",
        "version" : "5.4.1"
      }
    }
  ],
  "version" : 2
}
