{
  "pins" : [
    {
      "identity" : "audiokit",
      "kind" : "remoteSourceControl",
      "location" : "https://github.com/AudioKit/AudioKit.git",
      "state" : {
        "revision" : "e7f37266dc9200f04a2646b108acae98c87f8e46",
        "version" : "5.4.1"
      }
    },
    {
      "identity" : "audiokitex",
      "kind" : "remoteSourceControl",
      "location" : "https://github.com/AudioKit/AudioKitEX.git",
      "state" : {
        "revision" : "b66fb1e2922611ac0c5a7ac5bbe2731f9b5ce38b",
        "version" : "5.4.0"
      }
    }
  ],
  "version" : 2
}
