// !$*UTF8*$!
{
	archiveVersion = 1;
	classes = {
	};
	objectVersion = 55;
	objects = {

/* Begin PBXBuildFile section */
		8A10EB5F28522118002904D8 /* OpenEdgeRoundedRect.swift in Sources */ = {isa = PBXBuildFile; fileRef = 8A10EB5E28522118002904D8 /* OpenEdgeRoundedRect.swift */; };
		8A1A9FE32872D701006C0A2A /* SequencePositionView.swift in Sources */ = {isa = PBXBuildFile; fileRef = 8A1A9FE22872D701006C0A2A /* SequencePositionView.swift */; };
		8A321CB0283B6BBD00D0B269 /* Conductor.swift in Sources */ = {isa = PBXBuildFile; fileRef = 8A321CAF283B6BBD00D0B269 /* Conductor.swift */; };
		8A321CB3283B71DC00D0B269 /* Sampler.swift in Sources */ = {isa = PBXBuildFile; fileRef = 8A321CB2283B71DC00D0B269 /* Sampler.swift */; };
		8A3C13B2283FAD1200AE0D6F /* EffectsConfiguration+Equalizer.swift in Sources */ = {isa = PBXBuildFile; fileRef = 8A3C13B1283FAD1200AE0D6F /* EffectsConfiguration+Equalizer.swift */; };
		8A3C13B4283FAD2C00AE0D6F /* EffectsConfiguration+CutoffFilter.swift in Sources */ = {isa = PBXBuildFile; fileRef = 8A3C13B3283FAD2C00AE0D6F /* EffectsConfiguration+CutoffFilter.swift */; };
		8A3E819F287EF3DE00A1881F /* Effect+Title.swift in Sources */ = {isa = PBXBuildFile; fileRef = 8A3E819E287EF3DE00A1881F /* Effect+Title.swift */; };
		8A4D990D282BD7A4007804D7 /* AudioKitEX in Frameworks */ = {isa = PBXBuildFile; productRef = 8A4D990C282BD7A4007804D7 /* AudioKitEX */; };
		8A4D990F282CD01A007804D7 /* SimplerSequencer.swift in Sources */ = {isa = PBXBuildFile; fileRef = 8A4D990E282CD01A007804D7 /* SimplerSequencer.swift */; };
		8A4D9911282CD031007804D7 /* SampleChannel.swift in Sources */ = {isa = PBXBuildFile; fileRef = 8A4D9910282CD031007804D7 /* SampleChannel.swift */; };
		8A4D9918282D2BC2007804D7 /* AudioFileManager.swift in Sources */ = {isa = PBXBuildFile; fileRef = 8A4D9917282D2BC2007804D7 /* AudioFileManager.swift */; };
		8A4F7B5B2851FBF50026E136 /* BorderModifier.swift in Sources */ = {isa = PBXBuildFile; fileRef = 8A4F7B5A2851FBF50026E136 /* BorderModifier.swift */; };
		8A4F7B5E2851FD000026E136 /* EffectConfigurationView.swift in Sources */ = {isa = PBXBuildFile; fileRef = 8A4F7B5D2851FD000026E136 /* EffectConfigurationView.swift */; };
		8A6E123F287837B800BFEED4 /* PadsView.swift in Sources */ = {isa = PBXBuildFile; fileRef = 8A6E123E287837B800BFEED4 /* PadsView.swift */; };
		8A6E1241287837D600BFEED4 /* SamplePadsView.swift in Sources */ = {isa = PBXBuildFile; fileRef = 8A6E1240287837D600BFEED4 /* SamplePadsView.swift */; };
		8A76E7A4282E485C0048CD1D /* EffectType.swift in Sources */ = {isa = PBXBuildFile; fileRef = 8A76E7A3282E485C0048CD1D /* EffectType.swift */; };
		8A76E7A7282E5A350048CD1D /* SoundpipeAudioKit in Frameworks */ = {isa = PBXBuildFile; productRef = 8A76E7A6282E5A350048CD1D /* SoundpipeAudioKit */; };
		8A76E7A9282E61C50048CD1D /* EffectsConfiguration.swift in Sources */ = {isa = PBXBuildFile; fileRef = 8A76E7A8282E61C50048CD1D /* EffectsConfiguration.swift */; };
		8A774D2B287841DB00A9D77F /* SamplePad.swift in Sources */ = {isa = PBXBuildFile; fileRef = 8A774D2A287841DB00A9D77F /* SamplePad.swift */; };
		8A774D2E2878454F00A9D77F /* TrackButton.swift in Sources */ = {isa = PBXBuildFile; fileRef = 8A774D2D2878454F00A9D77F /* TrackButton.swift */; };
		8A837BA8283BB249004C16E2 /* EffectsConfiguration+Distortion.swift in Sources */ = {isa = PBXBuildFile; fileRef = 8A837BA7283BB249004C16E2 /* EffectsConfiguration+Distortion.swift */; };
		8A837BAA283BB277004C16E2 /* EffectsConfiguration+Reverb.swift in Sources */ = {isa = PBXBuildFile; fileRef = 8A837BA9283BB277004C16E2 /* EffectsConfiguration+Reverb.swift */; };
		8A837BAC283BB294004C16E2 /* EffectsConfiguration+Delay.swift in Sources */ = {isa = PBXBuildFile; fileRef = 8A837BAB283BB294004C16E2 /* EffectsConfiguration+Delay.swift */; };
		8A837BAE283BB2EF004C16E2 /* Parameter.swift in Sources */ = {isa = PBXBuildFile; fileRef = 8A837BAD283BB2EF004C16E2 /* Parameter.swift */; };
		8A837BBF283BC331004C16E2 /* EffectsConfiguration+Mixer.swift in Sources */ = {isa = PBXBuildFile; fileRef = 8A837BBE283BC331004C16E2 /* EffectsConfiguration+Mixer.swift */; };
		8A83F57F2833E2F9002ED26F /* EffectsDropDelegate.swift in Sources */ = {isa = PBXBuildFile; fileRef = 8A83F57E2833E2F9002ED26F /* EffectsDropDelegate.swift */; };
		8A84D9B328608D3C00B08057 /* FlangerView.swift in Sources */ = {isa = PBXBuildFile; fileRef = 8A84D9B228608D3C00B08057 /* FlangerView.swift */; };
		8A84D9B528608D9B00B08057 /* EffectsConfiguration+Flanger.swift in Sources */ = {isa = PBXBuildFile; fileRef = 8A84D9B428608D9B00B08057 /* EffectsConfiguration+Flanger.swift */; };
		8A84D9B828608DD800B08057 /* DunneAudioKit in Frameworks */ = {isa = PBXBuildFile; productRef = 8A84D9B728608DD800B08057 /* DunneAudioKit */; };
		8A84D9BA286090D600B08057 /* Node+Extention.swift in Sources */ = {isa = PBXBuildFile; fileRef = 8A84D9B9286090D600B08057 /* Node+Extention.swift */; };
		8A84D9BC286092DC00B08057 /* DistortionView.swift in Sources */ = {isa = PBXBuildFile; fileRef = 8A84D9BB286092DC00B08057 /* DistortionView.swift */; };
		8A84D9BE2860964D00B08057 /* EqualizerView.swift in Sources */ = {isa = PBXBuildFile; fileRef = 8A84D9BD2860964D00B08057 /* EqualizerView.swift */; };
		8A84D9C02860992800B08057 /* CutoffView.swift in Sources */ = {isa = PBXBuildFile; fileRef = 8A84D9BF2860992800B08057 /* CutoffView.swift */; };
		8A84D9C32861B1C700B08057 /* ControlButtonsContainer.swift in Sources */ = {isa = PBXBuildFile; fileRef = 8A84D9C22861B1C700B08057 /* ControlButtonsContainer.swift */; };
		8A84D9C52861B43B00B08057 /* Triangle.swift in Sources */ = {isa = PBXBuildFile; fileRef = 8A84D9C42861B43B00B08057 /* Triangle.swift */; };
		8A9B4DE32861EA2500C58928 /* BMPConfiguration.swift in Sources */ = {isa = PBXBuildFile; fileRef = 8A9B4DE22861EA2500C58928 /* BMPConfiguration.swift */; };
		8A9B4DE5286202BD00C58928 /* PauseShape.swift in Sources */ = {isa = PBXBuildFile; fileRef = 8A9B4DE4286202BD00C58928 /* PauseShape.swift */; };
		8A9B4DE72862035600C58928 /* PlayButton.swift in Sources */ = {isa = PBXBuildFile; fileRef = 8A9B4DE62862035600C58928 /* PlayButton.swift */; };
		8A9B4DE92862066300C58928 /* PadsViewState.swift in Sources */ = {isa = PBXBuildFile; fileRef = 8A9B4DE82862066300C58928 /* PadsViewState.swift */; };
		8A9B4DEB2862071000C58928 /* ControlButton.swift in Sources */ = {isa = PBXBuildFile; fileRef = 8A9B4DEA2862071000C58928 /* ControlButton.swift */; };
		8A9B4DED28620BCF00C58928 /* BPMTriangleButton.swift in Sources */ = {isa = PBXBuildFile; fileRef = 8A9B4DEC28620BCF00C58928 /* BPMTriangleButton.swift */; };
		8A9CFB632851ECF4003B57E7 /* EffectsConfigurationView.swift in Sources */ = {isa = PBXBuildFile; fileRef = 8A9CFB622851ECF4003B57E7 /* EffectsConfigurationView.swift */; };
		8ABFE99E28533F900049A859 /* OutputConfugurationView.swift in Sources */ = {isa = PBXBuildFile; fileRef = 8ABFE99D28533F900049A859 /* OutputConfugurationView.swift */; };
		8ABFE9A02853408E0049A859 /* ProjectButtonsView.swift in Sources */ = {isa = PBXBuildFile; fileRef = 8ABFE99F2853408E0049A859 /* ProjectButtonsView.swift */; };
		8AD56873287C2C93002E971D /* SequencerPadsView.swift in Sources */ = {isa = PBXBuildFile; fileRef = 8AD56872287C2C93002E971D /* SequencerPadsView.swift */; };
		8AD56876287C2CCF002E971D /* SequenceLineView.swift in Sources */ = {isa = PBXBuildFile; fileRef = 8AD56875287C2CCF002E971D /* SequenceLineView.swift */; };
		8AD56878287C2CF8002E971D /* SequecerPad.swift in Sources */ = {isa = PBXBuildFile; fileRef = 8AD56877287C2CF8002E971D /* SequecerPad.swift */; };
		8AD5687A287C2D3C002E971D /* SequencerData.swift in Sources */ = {isa = PBXBuildFile; fileRef = 8AD56879287C2D3C002E971D /* SequencerData.swift */; };
		8AD5687C287C2D72002E971D /* Velocity.swift in Sources */ = {isa = PBXBuildFile; fileRef = 8AD5687B287C2D72002E971D /* Velocity.swift */; };
		8AD6F7EF284F72D800504A11 /* MainView.swift in Sources */ = {isa = PBXBuildFile; fileRef = 8AD6F7EE284F72D800504A11 /* MainView.swift */; };
		8AD6F7F1284F739A00504A11 /* Colors.swift in Sources */ = {isa = PBXBuildFile; fileRef = 8AD6F7F0284F739A00504A11 /* Colors.swift */; };
		8AD76AC12858C07C0088CC1E /* EffectPickerView.swift in Sources */ = {isa = PBXBuildFile; fileRef = 8AD76AC02858C07C0088CC1E /* EffectPickerView.swift */; };
		8AD76AC32858C0D70088CC1E /* ReverbView.swift in Sources */ = {isa = PBXBuildFile; fileRef = 8AD76AC22858C0D70088CC1E /* ReverbView.swift */; };
		8AD76AC62859E9F90088CC1E /* KnobSegment.swift in Sources */ = {isa = PBXBuildFile; fileRef = 8AD76AC52859E9F90088CC1E /* KnobSegment.swift */; };
		8AD76AC92859EA160088CC1E /* KnobControl.swift in Sources */ = {isa = PBXBuildFile; fileRef = 8AD76AC82859EA160088CC1E /* KnobControl.swift */; };
		8AD76ACB2859EA3B0088CC1E /* KnobControlPointerShape.swift in Sources */ = {isa = PBXBuildFile; fileRef = 8AD76ACA2859EA3B0088CC1E /* KnobControlPointerShape.swift */; };
		8AD76ACE2859EA5C0088CC1E /* KnobControlEdgesShape.swift in Sources */ = {isa = PBXBuildFile; fileRef = 8AD76ACD2859EA5C0088CC1E /* KnobControlEdgesShape.swift */; };
		8AD76AD02859EA7D0088CC1E /* CGFloat+Extention.swift in Sources */ = {isa = PBXBuildFile; fileRef = 8AD76ACF2859EA7D0088CC1E /* CGFloat+Extention.swift */; };
		8AD98C99283E3D49009434C6 /* Data.swift in Sources */ = {isa = PBXBuildFile; fileRef = 8AD98C98283E3D49009434C6 /* Data.swift */; };
		8AE861DF28291855002A1949 /* AVAudioFile+Extention.swift in Sources */ = {isa = PBXBuildFile; fileRef = 8AE861DE28291855002A1949 /* AVAudioFile+Extention.swift */; };
		8AEE9AE928254745005DBFE4 /* AudioKit in Frameworks */ = {isa = PBXBuildFile; productRef = 8AEE9AE828254745005DBFE4 /* AudioKit */; };
		8AEE9AEC28255D66005DBFE4 /* Samples in Resources */ = {isa = PBXBuildFile; fileRef = 8AEE9AEB28255D66005DBFE4 /* Samples */; };
		8AEE9AEE28255E88005DBFE4 /* MIDI Files in Resources */ = {isa = PBXBuildFile; fileRef = 8AEE9AED28255E88005DBFE4 /* MIDI Files */; };
		8AF5AB3F2824187700546E43 /* SwiftSimplerApp.swift in Sources */ = {isa = PBXBuildFile; fileRef = 8AF5AB3E2824187700546E43 /* SwiftSimplerApp.swift */; };
		8AF5AB432824187800546E43 /* Assets.xcassets in Resources */ = {isa = PBXBuildFile; fileRef = 8AF5AB422824187800546E43 /* Assets.xcassets */; };
		8AF5AB462824187800546E43 /* Preview Assets.xcassets in Resources */ = {isa = PBXBuildFile; fileRef = 8AF5AB452824187800546E43 /* Preview Assets.xcassets */; };
		8AF5AB502824187800546E43 /* SwiftSimplerTests.swift in Sources */ = {isa = PBXBuildFile; fileRef = 8AF5AB4F2824187800546E43 /* SwiftSimplerTests.swift */; };
		8AF5AB5A2824187800546E43 /* SwiftSimplerUITests.swift in Sources */ = {isa = PBXBuildFile; fileRef = 8AF5AB592824187800546E43 /* SwiftSimplerUITests.swift */; };
		8AF5AB5C2824187800546E43 /* SwiftSimplerUITestsLaunchTests.swift in Sources */ = {isa = PBXBuildFile; fileRef = 8AF5AB5B2824187800546E43 /* SwiftSimplerUITestsLaunchTests.swift */; };
		8AFD58D4285C6F1B00B8AEA8 /* BypassToggle.swift in Sources */ = {isa = PBXBuildFile; fileRef = 8AFD58D3285C6F1B00B8AEA8 /* BypassToggle.swift */; };
		8AFD58D6285C6F6500B8AEA8 /* KnobValueFormatter.swift in Sources */ = {isa = PBXBuildFile; fileRef = 8AFD58D5285C6F6500B8AEA8 /* KnobValueFormatter.swift */; };
		8AFD58D9285C74E600B8AEA8 /* DelayView.swift in Sources */ = {isa = PBXBuildFile; fileRef = 8AFD58D8285C74E600B8AEA8 /* DelayView.swift */; };
/* End PBXBuildFile section */

/* Begin PBXContainerItemProxy section */
		8AF5AB4C2824187800546E43 /* PBXContainerItemProxy */ = {
			isa = PBXContainerItemProxy;
			containerPortal = 8AF5AB332824187700546E43 /* Project object */;
			proxyType = 1;
			remoteGlobalIDString = 8AF5AB3A2824187700546E43;
			remoteInfo = SwiftSimpler;
		};
		8AF5AB562824187800546E43 /* PBXContainerItemProxy */ = {
			isa = PBXContainerItemProxy;
			containerPortal = 8AF5AB332824187700546E43 /* Project object */;
			proxyType = 1;
			remoteGlobalIDString = 8AF5AB3A2824187700546E43;
			remoteInfo = SwiftSimpler;
		};
/* End PBXContainerItemProxy section */

/* Begin PBXFileReference section */
		8A10EB5E28522118002904D8 /* OpenEdgeRoundedRect.swift */ = {isa = PBXFileReference; lastKnownFileType = sourcecode.swift; path = OpenEdgeRoundedRect.swift; sourceTree = "<group>"; };
		8A1A9FE22872D701006C0A2A /* SequencePositionView.swift */ = {isa = PBXFileReference; lastKnownFileType = sourcecode.swift; path = SequencePositionView.swift; sourceTree = "<group>"; };
		8A321CAF283B6BBD00D0B269 /* Conductor.swift */ = {isa = PBXFileReference; lastKnownFileType = sourcecode.swift; path = Conductor.swift; sourceTree = "<group>"; };
		8A321CB2283B71DC00D0B269 /* Sampler.swift */ = {isa = PBXFileReference; lastKnownFileType = sourcecode.swift; path = Sampler.swift; sourceTree = "<group>"; };
		8A3C13B1283FAD1200AE0D6F /* EffectsConfiguration+Equalizer.swift */ = {isa = PBXFileReference; lastKnownFileType = sourcecode.swift; path = "EffectsConfiguration+Equalizer.swift"; sourceTree = "<group>"; };
		8A3C13B3283FAD2C00AE0D6F /* EffectsConfiguration+CutoffFilter.swift */ = {isa = PBXFileReference; lastKnownFileType = sourcecode.swift; path = "EffectsConfiguration+CutoffFilter.swift"; sourceTree = "<group>"; };
		8A3E819E287EF3DE00A1881F /* Effect+Title.swift */ = {isa = PBXFileReference; lastKnownFileType = sourcecode.swift; path = "Effect+Title.swift"; sourceTree = "<group>"; };
		8A4D990E282CD01A007804D7 /* SimplerSequencer.swift */ = {isa = PBXFileReference; lastKnownFileType = sourcecode.swift; path = SimplerSequencer.swift; sourceTree = "<group>"; };
		8A4D9910282CD031007804D7 /* SampleChannel.swift */ = {isa = PBXFileReference; lastKnownFileType = sourcecode.swift; path = SampleChannel.swift; sourceTree = "<group>"; };
		8A4D9917282D2BC2007804D7 /* AudioFileManager.swift */ = {isa = PBXFileReference; lastKnownFileType = sourcecode.swift; path = AudioFileManager.swift; sourceTree = "<group>"; };
		8A4F7B5A2851FBF50026E136 /* BorderModifier.swift */ = {isa = PBXFileReference; lastKnownFileType = sourcecode.swift; path = BorderModifier.swift; sourceTree = "<group>"; };
		8A4F7B5D2851FD000026E136 /* EffectConfigurationView.swift */ = {isa = PBXFileReference; lastKnownFileType = sourcecode.swift; path = EffectConfigurationView.swift; sourceTree = "<group>"; };
		8A6E123E287837B800BFEED4 /* PadsView.swift */ = {isa = PBXFileReference; lastKnownFileType = sourcecode.swift; path = PadsView.swift; sourceTree = "<group>"; };
		8A6E1240287837D600BFEED4 /* SamplePadsView.swift */ = {isa = PBXFileReference; lastKnownFileType = sourcecode.swift; path = SamplePadsView.swift; sourceTree = "<group>"; };
		8A76E7A3282E485C0048CD1D /* EffectType.swift */ = {isa = PBXFileReference; lastKnownFileType = sourcecode.swift; path = EffectType.swift; sourceTree = "<group>"; };
		8A76E7A8282E61C50048CD1D /* EffectsConfiguration.swift */ = {isa = PBXFileReference; lastKnownFileType = sourcecode.swift; path = EffectsConfiguration.swift; sourceTree = "<group>"; };
		8A774D2A287841DB00A9D77F /* SamplePad.swift */ = {isa = PBXFileReference; lastKnownFileType = sourcecode.swift; path = SamplePad.swift; sourceTree = "<group>"; };
		8A774D2D2878454F00A9D77F /* TrackButton.swift */ = {isa = PBXFileReference; lastKnownFileType = sourcecode.swift; path = TrackButton.swift; sourceTree = "<group>"; };
		8A837BA7283BB249004C16E2 /* EffectsConfiguration+Distortion.swift */ = {isa = PBXFileReference; lastKnownFileType = sourcecode.swift; path = "EffectsConfiguration+Distortion.swift"; sourceTree = "<group>"; };
		8A837BA9283BB277004C16E2 /* EffectsConfiguration+Reverb.swift */ = {isa = PBXFileReference; lastKnownFileType = sourcecode.swift; path = "EffectsConfiguration+Reverb.swift"; sourceTree = "<group>"; };
		8A837BAB283BB294004C16E2 /* EffectsConfiguration+Delay.swift */ = {isa = PBXFileReference; lastKnownFileType = sourcecode.swift; path = "EffectsConfiguration+Delay.swift"; sourceTree = "<group>"; };
		8A837BAD283BB2EF004C16E2 /* Parameter.swift */ = {isa = PBXFileReference; lastKnownFileType = sourcecode.swift; path = Parameter.swift; sourceTree = "<group>"; };
		8A837BBE283BC331004C16E2 /* EffectsConfiguration+Mixer.swift */ = {isa = PBXFileReference; lastKnownFileType = sourcecode.swift; path = "EffectsConfiguration+Mixer.swift"; sourceTree = "<group>"; };
		8A83F57E2833E2F9002ED26F /* EffectsDropDelegate.swift */ = {isa = PBXFileReference; lastKnownFileType = sourcecode.swift; path = EffectsDropDelegate.swift; sourceTree = "<group>"; };
		8A84D9B228608D3C00B08057 /* FlangerView.swift */ = {isa = PBXFileReference; lastKnownFileType = sourcecode.swift; path = FlangerView.swift; sourceTree = "<group>"; };
		8A84D9B428608D9B00B08057 /* EffectsConfiguration+Flanger.swift */ = {isa = PBXFileReference; lastKnownFileType = sourcecode.swift; path = "EffectsConfiguration+Flanger.swift"; sourceTree = "<group>"; };
		8A84D9B9286090D600B08057 /* Node+Extention.swift */ = {isa = PBXFileReference; lastKnownFileType = sourcecode.swift; path = "Node+Extention.swift"; sourceTree = "<group>"; };
		8A84D9BB286092DC00B08057 /* DistortionView.swift */ = {isa = PBXFileReference; lastKnownFileType = sourcecode.swift; path = DistortionView.swift; sourceTree = "<group>"; };
		8A84D9BD2860964D00B08057 /* EqualizerView.swift */ = {isa = PBXFileReference; lastKnownFileType = sourcecode.swift; path = EqualizerView.swift; sourceTree = "<group>"; };
		8A84D9BF2860992800B08057 /* CutoffView.swift */ = {isa = PBXFileReference; lastKnownFileType = sourcecode.swift; path = CutoffView.swift; sourceTree = "<group>"; };
		8A84D9C22861B1C700B08057 /* ControlButtonsContainer.swift */ = {isa = PBXFileReference; lastKnownFileType = sourcecode.swift; path = ControlButtonsContainer.swift; sourceTree = "<group>"; };
		8A84D9C42861B43B00B08057 /* Triangle.swift */ = {isa = PBXFileReference; lastKnownFileType = sourcecode.swift; path = Triangle.swift; sourceTree = "<group>"; };
		8A9B4DE22861EA2500C58928 /* BMPConfiguration.swift */ = {isa = PBXFileReference; lastKnownFileType = sourcecode.swift; path = BMPConfiguration.swift; sourceTree = "<group>"; };
		8A9B4DE4286202BD00C58928 /* PauseShape.swift */ = {isa = PBXFileReference; lastKnownFileType = sourcecode.swift; path = PauseShape.swift; sourceTree = "<group>"; };
		8A9B4DE62862035600C58928 /* PlayButton.swift */ = {isa = PBXFileReference; lastKnownFileType = sourcecode.swift; path = PlayButton.swift; sourceTree = "<group>"; };
		8A9B4DE82862066300C58928 /* PadsViewState.swift */ = {isa = PBXFileReference; lastKnownFileType = sourcecode.swift; path = PadsViewState.swift; sourceTree = "<group>"; };
		8A9B4DEA2862071000C58928 /* ControlButton.swift */ = {isa = PBXFileReference; lastKnownFileType = sourcecode.swift; path = ControlButton.swift; sourceTree = "<group>"; };
		8A9B4DEC28620BCF00C58928 /* BPMTriangleButton.swift */ = {isa = PBXFileReference; lastKnownFileType = sourcecode.swift; path = BPMTriangleButton.swift; sourceTree = "<group>"; };
		8A9CFB622851ECF4003B57E7 /* EffectsConfigurationView.swift */ = {isa = PBXFileReference; lastKnownFileType = sourcecode.swift; path = EffectsConfigurationView.swift; sourceTree = "<group>"; };
		8ABFE99D28533F900049A859 /* OutputConfugurationView.swift */ = {isa = PBXFileReference; lastKnownFileType = sourcecode.swift; path = OutputConfugurationView.swift; sourceTree = "<group>"; };
		8ABFE99F2853408E0049A859 /* ProjectButtonsView.swift */ = {isa = PBXFileReference; lastKnownFileType = sourcecode.swift; path = ProjectButtonsView.swift; sourceTree = "<group>"; };
		8AD56872287C2C93002E971D /* SequencerPadsView.swift */ = {isa = PBXFileReference; lastKnownFileType = sourcecode.swift; path = SequencerPadsView.swift; sourceTree = "<group>"; };
		8AD56875287C2CCF002E971D /* SequenceLineView.swift */ = {isa = PBXFileReference; lastKnownFileType = sourcecode.swift; path = SequenceLineView.swift; sourceTree = "<group>"; };
		8AD56877287C2CF8002E971D /* SequecerPad.swift */ = {isa = PBXFileReference; lastKnownFileType = sourcecode.swift; path = SequecerPad.swift; sourceTree = "<group>"; };
		8AD56879287C2D3C002E971D /* SequencerData.swift */ = {isa = PBXFileReference; lastKnownFileType = sourcecode.swift; path = SequencerData.swift; sourceTree = "<group>"; };
		8AD5687B287C2D72002E971D /* Velocity.swift */ = {isa = PBXFileReference; lastKnownFileType = sourcecode.swift; path = Velocity.swift; sourceTree = "<group>"; };
		8AD6F7EE284F72D800504A11 /* MainView.swift */ = {isa = PBXFileReference; lastKnownFileType = sourcecode.swift; path = MainView.swift; sourceTree = "<group>"; };
		8AD6F7F0284F739A00504A11 /* Colors.swift */ = {isa = PBXFileReference; lastKnownFileType = sourcecode.swift; path = Colors.swift; sourceTree = "<group>"; };
		8AD76AC02858C07C0088CC1E /* EffectPickerView.swift */ = {isa = PBXFileReference; lastKnownFileType = sourcecode.swift; path = EffectPickerView.swift; sourceTree = "<group>"; };
		8AD76AC22858C0D70088CC1E /* ReverbView.swift */ = {isa = PBXFileReference; lastKnownFileType = sourcecode.swift; path = ReverbView.swift; sourceTree = "<group>"; };
		8AD76AC52859E9F90088CC1E /* KnobSegment.swift */ = {isa = PBXFileReference; lastKnownFileType = sourcecode.swift; path = KnobSegment.swift; sourceTree = "<group>"; };
		8AD76AC82859EA160088CC1E /* KnobControl.swift */ = {isa = PBXFileReference; lastKnownFileType = sourcecode.swift; path = KnobControl.swift; sourceTree = "<group>"; };
		8AD76ACA2859EA3B0088CC1E /* KnobControlPointerShape.swift */ = {isa = PBXFileReference; lastKnownFileType = sourcecode.swift; path = KnobControlPointerShape.swift; sourceTree = "<group>"; };
		8AD76ACD2859EA5C0088CC1E /* KnobControlEdgesShape.swift */ = {isa = PBXFileReference; lastKnownFileType = sourcecode.swift; path = KnobControlEdgesShape.swift; sourceTree = "<group>"; };
		8AD76ACF2859EA7D0088CC1E /* CGFloat+Extention.swift */ = {isa = PBXFileReference; lastKnownFileType = sourcecode.swift; path = "CGFloat+Extention.swift"; sourceTree = "<group>"; };
		8AD98C98283E3D49009434C6 /* Data.swift */ = {isa = PBXFileReference; lastKnownFileType = sourcecode.swift; path = Data.swift; sourceTree = "<group>"; };
		8AE861DE28291855002A1949 /* AVAudioFile+Extention.swift */ = {isa = PBXFileReference; lastKnownFileType = sourcecode.swift; path = "AVAudioFile+Extention.swift"; sourceTree = "<group>"; };
		8AEE9AEA28255B55005DBFE4 /* Info.plist */ = {isa = PBXFileReference; lastKnownFileType = text.plist; path = Info.plist; sourceTree = "<group>"; };
		8AEE9AEB28255D66005DBFE4 /* Samples */ = {isa = PBXFileReference; lastKnownFileType = folder; path = Samples; sourceTree = "<group>"; };
		8AEE9AED28255E88005DBFE4 /* MIDI Files */ = {isa = PBXFileReference; lastKnownFileType = folder; path = "MIDI Files"; sourceTree = "<group>"; };
		8AF5AB3B2824187700546E43 /* SwiftSimpler.app */ = {isa = PBXFileReference; explicitFileType = wrapper.application; includeInIndex = 0; path = SwiftSimpler.app; sourceTree = BUILT_PRODUCTS_DIR; };
		8AF5AB3E2824187700546E43 /* SwiftSimplerApp.swift */ = {isa = PBXFileReference; lastKnownFileType = sourcecode.swift; path = SwiftSimplerApp.swift; sourceTree = "<group>"; };
		8AF5AB422824187800546E43 /* Assets.xcassets */ = {isa = PBXFileReference; lastKnownFileType = folder.assetcatalog; path = Assets.xcassets; sourceTree = "<group>"; };
		8AF5AB452824187800546E43 /* Preview Assets.xcassets */ = {isa = PBXFileReference; lastKnownFileType = folder.assetcatalog; path = "Preview Assets.xcassets"; sourceTree = "<group>"; };
		8AF5AB4B2824187800546E43 /* SwiftSimplerTests.xctest */ = {isa = PBXFileReference; explicitFileType = wrapper.cfbundle; includeInIndex = 0; path = SwiftSimplerTests.xctest; sourceTree = BUILT_PRODUCTS_DIR; };
		8AF5AB4F2824187800546E43 /* SwiftSimplerTests.swift */ = {isa = PBXFileReference; lastKnownFileType = sourcecode.swift; path = SwiftSimplerTests.swift; sourceTree = "<group>"; };
		8AF5AB552824187800546E43 /* SwiftSimplerUITests.xctest */ = {isa = PBXFileReference; explicitFileType = wrapper.cfbundle; includeInIndex = 0; path = SwiftSimplerUITests.xctest; sourceTree = BUILT_PRODUCTS_DIR; };
		8AF5AB592824187800546E43 /* SwiftSimplerUITests.swift */ = {isa = PBXFileReference; lastKnownFileType = sourcecode.swift; path = SwiftSimplerUITests.swift; sourceTree = "<group>"; };
		8AF5AB5B2824187800546E43 /* SwiftSimplerUITestsLaunchTests.swift */ = {isa = PBXFileReference; lastKnownFileType = sourcecode.swift; path = SwiftSimplerUITestsLaunchTests.swift; sourceTree = "<group>"; };
		8AFD58D3285C6F1B00B8AEA8 /* BypassToggle.swift */ = {isa = PBXFileReference; lastKnownFileType = sourcecode.swift; path = BypassToggle.swift; sourceTree = "<group>"; };
		8AFD58D5285C6F6500B8AEA8 /* KnobValueFormatter.swift */ = {isa = PBXFileReference; lastKnownFileType = sourcecode.swift; path = KnobValueFormatter.swift; sourceTree = "<group>"; };
		8AFD58D8285C74E600B8AEA8 /* DelayView.swift */ = {isa = PBXFileReference; lastKnownFileType = sourcecode.swift; path = DelayView.swift; sourceTree = "<group>"; };
/* End PBXFileReference section */

/* Begin PBXFrameworksBuildPhase section */
		8AF5AB382824187700546E43 /* Frameworks */ = {
			isa = PBXFrameworksBuildPhase;
			buildActionMask = 2147483647;
			files = (
				8AEE9AE928254745005DBFE4 /* AudioKit in Frameworks */,
				8A84D9B828608DD800B08057 /* DunneAudioKit in Frameworks */,
				8A4D990D282BD7A4007804D7 /* AudioKitEX in Frameworks */,
				8A76E7A7282E5A350048CD1D /* SoundpipeAudioKit in Frameworks */,
			);
			runOnlyForDeploymentPostprocessing = 0;
		};
		8AF5AB482824187800546E43 /* Frameworks */ = {
			isa = PBXFrameworksBuildPhase;
			buildActionMask = 2147483647;
			files = (
			);
			runOnlyForDeploymentPostprocessing = 0;
		};
		8AF5AB522824187800546E43 /* Frameworks */ = {
			isa = PBXFrameworksBuildPhase;
			buildActionMask = 2147483647;
			files = (
			);
			runOnlyForDeploymentPostprocessing = 0;
		};
/* End PBXFrameworksBuildPhase section */

/* Begin PBXGroup section */
		8A10EB6028522128002904D8 /* Utils */ = {
			isa = PBXGroup;
			children = (
				8A10EB5E28522118002904D8 /* OpenEdgeRoundedRect.swift */,
			);
			path = Utils;
			sourceTree = "<group>";
		};
		8A1A9FE42872D719006C0A2A /* Pads */ = {
			isa = PBXGroup;
			children = (
				8A6E123E287837B800BFEED4 /* PadsView.swift */,
				8A774D2C287841EA00A9D77F /* SamplePads */,
				8AD56874287C2CC4002E971D /* SequencerPads */,
				8A9B4DE82862066300C58928 /* PadsViewState.swift */,
			);
			path = Pads;
			sourceTree = "<group>";
		};
		8A321CAE283B6BAA00D0B269 /* Views */ = {
			isa = PBXGroup;
			children = (
				8AD6F7EE284F72D800504A11 /* MainView.swift */,
				8A4F7B5F2851FD380026E136 /* EffectConfiguration */,
				8A84D9C72861B45800B08057 /* ControlButtons */,
				8ABFE9A12853409C0049A859 /* ProjectConfiguration */,
				8A1A9FE42872D719006C0A2A /* Pads */,
				8A4F7B5C2851FBF80026E136 /* Utils */,
			);
			path = Views;
			sourceTree = "<group>";
		};
		8A321CB1283B6BC000D0B269 /* Audio */ = {
			isa = PBXGroup;
			children = (
				8AD5687D287C2DBC002E971D /* Data */,
				8A321CAF283B6BBD00D0B269 /* Conductor.swift */,
				8A4D990E282CD01A007804D7 /* SimplerSequencer.swift */,
				8A321CB6283B8A8300D0B269 /* Sample */,
				8A837BA3283BB0F0004C16E2 /* Other */,
			);
			path = Audio;
			sourceTree = "<group>";
		};
		8A321CB6283B8A8300D0B269 /* Sample */ = {
			isa = PBXGroup;
			children = (
				8A4D9910282CD031007804D7 /* SampleChannel.swift */,
				8A837BA4283BB118004C16E2 /* Configuration */,
				8A837BC0283BCC30004C16E2 /* Chain */,
			);
			path = Sample;
			sourceTree = "<group>";
		};
		8A4F7B5C2851FBF80026E136 /* Utils */ = {
			isa = PBXGroup;
			children = (
				8AD6F7F0284F739A00504A11 /* Colors.swift */,
				8A4F7B5A2851FBF50026E136 /* BorderModifier.swift */,
				8AD76ACF2859EA7D0088CC1E /* CGFloat+Extention.swift */,
				8A84D9C62861B45200B08057 /* Shapes */,
			);
			path = Utils;
			sourceTree = "<group>";
		};
		8A4F7B5F2851FD380026E136 /* EffectConfiguration */ = {
			isa = PBXGroup;
			children = (
				8A9CFB622851ECF4003B57E7 /* EffectsConfigurationView.swift */,
				8A4F7B5D2851FD000026E136 /* EffectConfigurationView.swift */,
				8AD76AC42858C0DA0088CC1E /* EffectViews */,
				8A84D9C12860AEA300B08057 /* Picker */,
				8ABFE99D28533F900049A859 /* OutputConfugurationView.swift */,
				8A10EB6028522128002904D8 /* Utils */,
			);
			path = EffectConfiguration;
			sourceTree = "<group>";
		};
		8A774D2C287841EA00A9D77F /* SamplePads */ = {
			isa = PBXGroup;
			children = (
				8A6E1240287837D600BFEED4 /* SamplePadsView.swift */,
				8A774D2A287841DB00A9D77F /* SamplePad.swift */,
			);
			path = SamplePads;
			sourceTree = "<group>";
		};
		8A837BA3283BB0F0004C16E2 /* Other */ = {
			isa = PBXGroup;
			children = (
				8A4D9917282D2BC2007804D7 /* AudioFileManager.swift */,
				8A84D9B9286090D600B08057 /* Node+Extention.swift */,
			);
			path = Other;
			sourceTree = "<group>";
		};
		8A837BA4283BB118004C16E2 /* Configuration */ = {
			isa = PBXGroup;
			children = (
				8A76E7A8282E61C50048CD1D /* EffectsConfiguration.swift */,
				8A76E7A3282E485C0048CD1D /* EffectType.swift */,
			);
			path = Configuration;
			sourceTree = "<group>";
		};
		8A837BC0283BCC30004C16E2 /* Chain */ = {
			isa = PBXGroup;
			children = (
				8A321CB2283B71DC00D0B269 /* Sampler.swift */,
				8A837BA7283BB249004C16E2 /* EffectsConfiguration+Distortion.swift */,
				8A837BA9283BB277004C16E2 /* EffectsConfiguration+Reverb.swift */,
				8A837BAB283BB294004C16E2 /* EffectsConfiguration+Delay.swift */,
				8A84D9B428608D9B00B08057 /* EffectsConfiguration+Flanger.swift */,
				8A837BBE283BC331004C16E2 /* EffectsConfiguration+Mixer.swift */,
				8A3C13B1283FAD1200AE0D6F /* EffectsConfiguration+Equalizer.swift */,
				8A3C13B3283FAD2C00AE0D6F /* EffectsConfiguration+CutoffFilter.swift */,
				8A837BAD283BB2EF004C16E2 /* Parameter.swift */,
			);
			path = Chain;
			sourceTree = "<group>";
		};
		8A84D9C12860AEA300B08057 /* Picker */ = {
			isa = PBXGroup;
			children = (
				8AD76AC02858C07C0088CC1E /* EffectPickerView.swift */,
				8A83F57E2833E2F9002ED26F /* EffectsDropDelegate.swift */,
				8A3E819E287EF3DE00A1881F /* Effect+Title.swift */,
			);
			path = Picker;
			sourceTree = "<group>";
		};
		8A84D9C62861B45200B08057 /* Shapes */ = {
			isa = PBXGroup;
			children = (
				8A84D9C42861B43B00B08057 /* Triangle.swift */,
				8A9B4DE4286202BD00C58928 /* PauseShape.swift */,
			);
			path = Shapes;
			sourceTree = "<group>";
		};
		8A84D9C72861B45800B08057 /* ControlButtons */ = {
			isa = PBXGroup;
			children = (
				8A84D9C22861B1C700B08057 /* ControlButtonsContainer.swift */,
				8A9B4DE22861EA2500C58928 /* BMPConfiguration.swift */,
				8A9B4DEC28620BCF00C58928 /* BPMTriangleButton.swift */,
				8A9B4DE62862035600C58928 /* PlayButton.swift */,
				8A9B4DEA2862071000C58928 /* ControlButton.swift */,
				8A774D2D2878454F00A9D77F /* TrackButton.swift */,
			);
			path = ControlButtons;
			sourceTree = "<group>";
		};
		8ABFE9A12853409C0049A859 /* ProjectConfiguration */ = {
			isa = PBXGroup;
			children = (
				8ABFE99F2853408E0049A859 /* ProjectButtonsView.swift */,
			);
			path = ProjectConfiguration;
			sourceTree = "<group>";
		};
		8AD56874287C2CC4002E971D /* SequencerPads */ = {
			isa = PBXGroup;
			children = (
				8AD56872287C2C93002E971D /* SequencerPadsView.swift */,
				8AD56875287C2CCF002E971D /* SequenceLineView.swift */,
				8AD56877287C2CF8002E971D /* SequecerPad.swift */,
				8A1A9FE22872D701006C0A2A /* SequencePositionView.swift */,
			);
			path = SequencerPads;
			sourceTree = "<group>";
		};
		8AD5687D287C2DBC002E971D /* Data */ = {
			isa = PBXGroup;
			children = (
				8AD56879287C2D3C002E971D /* SequencerData.swift */,
				8AD98C98283E3D49009434C6 /* Data.swift */,
				8AD5687B287C2D72002E971D /* Velocity.swift */,
			);
			path = Data;
			sourceTree = "<group>";
		};
		8AD76AC42858C0DA0088CC1E /* EffectViews */ = {
			isa = PBXGroup;
			children = (
				8AD76AC22858C0D70088CC1E /* ReverbView.swift */,
				8AFD58D8285C74E600B8AEA8 /* DelayView.swift */,
				8A84D9B228608D3C00B08057 /* FlangerView.swift */,
				8A84D9BB286092DC00B08057 /* DistortionView.swift */,
				8A84D9BD2860964D00B08057 /* EqualizerView.swift */,
				8A84D9BF2860992800B08057 /* CutoffView.swift */,
				8AFD58D7285C736B00B8AEA8 /* Controls */,
			);
			path = EffectViews;
			sourceTree = "<group>";
		};
		8AD76AC72859EA000088CC1E /* Knob */ = {
			isa = PBXGroup;
			children = (
				8AD76AC52859E9F90088CC1E /* KnobSegment.swift */,
				8AD76AC82859EA160088CC1E /* KnobControl.swift */,
				8AFD58D5285C6F6500B8AEA8 /* KnobValueFormatter.swift */,
				8AD76ACC2859EA4B0088CC1E /* Shapes */,
			);
			path = Knob;
			sourceTree = "<group>";
		};
		8AD76ACC2859EA4B0088CC1E /* Shapes */ = {
			isa = PBXGroup;
			children = (
				8AD76ACA2859EA3B0088CC1E /* KnobControlPointerShape.swift */,
				8AD76ACD2859EA5C0088CC1E /* KnobControlEdgesShape.swift */,
			);
			path = Shapes;
			sourceTree = "<group>";
		};
		8AE861DD28291837002A1949 /* Utils */ = {
			isa = PBXGroup;
			children = (
				8AE861DE28291855002A1949 /* AVAudioFile+Extention.swift */,
			);
			path = Utils;
			sourceTree = "<group>";
		};
		8AF5AB322824187700546E43 = {
			isa = PBXGroup;
			children = (
				8AF5AB3D2824187700546E43 /* SwiftSimpler */,
				8AF5AB4E2824187800546E43 /* SwiftSimplerTests */,
				8AF5AB582824187800546E43 /* SwiftSimplerUITests */,
				8AF5AB3C2824187700546E43 /* Products */,
			);
			sourceTree = "<group>";
		};
		8AF5AB3C2824187700546E43 /* Products */ = {
			isa = PBXGroup;
			children = (
				8AF5AB3B2824187700546E43 /* SwiftSimpler.app */,
				8AF5AB4B2824187800546E43 /* SwiftSimplerTests.xctest */,
				8AF5AB552824187800546E43 /* SwiftSimplerUITests.xctest */,
			);
			name = Products;
			sourceTree = "<group>";
		};
		8AF5AB3D2824187700546E43 /* SwiftSimpler */ = {
			isa = PBXGroup;
			children = (
				8AEE9AED28255E88005DBFE4 /* MIDI Files */,
				8AEE9AEB28255D66005DBFE4 /* Samples */,
				8AEE9AEA28255B55005DBFE4 /* Info.plist */,
				8AF5AB3E2824187700546E43 /* SwiftSimplerApp.swift */,
				8A321CAE283B6BAA00D0B269 /* Views */,
				8A321CB1283B6BC000D0B269 /* Audio */,
				8AE861DD28291837002A1949 /* Utils */,
				8AF5AB422824187800546E43 /* Assets.xcassets */,
				8AF5AB442824187800546E43 /* Preview Content */,
			);
			path = SwiftSimpler;
			sourceTree = "<group>";
		};
		8AF5AB442824187800546E43 /* Preview Content */ = {
			isa = PBXGroup;
			children = (
				8AF5AB452824187800546E43 /* Preview Assets.xcassets */,
			);
			path = "Preview Content";
			sourceTree = "<group>";
		};
		8AF5AB4E2824187800546E43 /* SwiftSimplerTests */ = {
			isa = PBXGroup;
			children = (
				8AF5AB4F2824187800546E43 /* SwiftSimplerTests.swift */,
			);
			path = SwiftSimplerTests;
			sourceTree = "<group>";
		};
		8AF5AB582824187800546E43 /* SwiftSimplerUITests */ = {
			isa = PBXGroup;
			children = (
				8AF5AB592824187800546E43 /* SwiftSimplerUITests.swift */,
				8AF5AB5B2824187800546E43 /* SwiftSimplerUITestsLaunchTests.swift */,
			);
			path = SwiftSimplerUITests;
			sourceTree = "<group>";
		};
		8AFD58D7285C736B00B8AEA8 /* Controls */ = {
			isa = PBXGroup;
			children = (
				8AFD58D3285C6F1B00B8AEA8 /* BypassToggle.swift */,
				8AD76AC72859EA000088CC1E /* Knob */,
			);
			path = Controls;
			sourceTree = "<group>";
		};
/* End PBXGroup section */

/* Begin PBXNativeTarget section */
		8AF5AB3A2824187700546E43 /* SwiftSimpler */ = {
			isa = PBXNativeTarget;
			buildConfigurationList = 8AF5AB5F2824187800546E43 /* Build configuration list for PBXNativeTarget "SwiftSimpler" */;
			buildPhases = (
				8AF5AB372824187700546E43 /* Sources */,
				8AF5AB382824187700546E43 /* Frameworks */,
				8AF5AB392824187700546E43 /* Resources */,
			);
			buildRules = (
			);
			dependencies = (
			);
			name = SwiftSimpler;
			packageProductDependencies = (
				8AEE9AE828254745005DBFE4 /* AudioKit */,
				8A4D990C282BD7A4007804D7 /* AudioKitEX */,
				8A76E7A6282E5A350048CD1D /* SoundpipeAudioKit */,
				8A84D9B728608DD800B08057 /* DunneAudioKit */,
			);
			productName = SwiftSimpler;
			productReference = 8AF5AB3B2824187700546E43 /* SwiftSimpler.app */;
			productType = "com.apple.product-type.application";
		};
		8AF5AB4A2824187800546E43 /* SwiftSimplerTests */ = {
			isa = PBXNativeTarget;
			buildConfigurationList = 8AF5AB622824187800546E43 /* Build configuration list for PBXNativeTarget "SwiftSimplerTests" */;
			buildPhases = (
				8AF5AB472824187800546E43 /* Sources */,
				8AF5AB482824187800546E43 /* Frameworks */,
				8AF5AB492824187800546E43 /* Resources */,
			);
			buildRules = (
			);
			dependencies = (
				8AF5AB4D2824187800546E43 /* PBXTargetDependency */,
			);
			name = SwiftSimplerTests;
			productName = SwiftSimplerTests;
			productReference = 8AF5AB4B2824187800546E43 /* SwiftSimplerTests.xctest */;
			productType = "com.apple.product-type.bundle.unit-test";
		};
		8AF5AB542824187800546E43 /* SwiftSimplerUITests */ = {
			isa = PBXNativeTarget;
			buildConfigurationList = 8AF5AB652824187800546E43 /* Build configuration list for PBXNativeTarget "SwiftSimplerUITests" */;
			buildPhases = (
				8AF5AB512824187800546E43 /* Sources */,
				8AF5AB522824187800546E43 /* Frameworks */,
				8AF5AB532824187800546E43 /* Resources */,
			);
			buildRules = (
			);
			dependencies = (
				8AF5AB572824187800546E43 /* PBXTargetDependency */,
			);
			name = SwiftSimplerUITests;
			productName = SwiftSimplerUITests;
			productReference = 8AF5AB552824187800546E43 /* SwiftSimplerUITests.xctest */;
			productType = "com.apple.product-type.bundle.ui-testing";
		};
/* End PBXNativeTarget section */

/* Begin PBXProject section */
		8AF5AB332824187700546E43 /* Project object */ = {
			isa = PBXProject;
			attributes = {
				BuildIndependentTargetsInParallel = 1;
				LastSwiftUpdateCheck = 1330;
				LastUpgradeCheck = 1330;
				TargetAttributes = {
					8AF5AB3A2824187700546E43 = {
						CreatedOnToolsVersion = 13.3.1;
					};
					8AF5AB4A2824187800546E43 = {
						CreatedOnToolsVersion = 13.3.1;
						TestTargetID = 8AF5AB3A2824187700546E43;
					};
					8AF5AB542824187800546E43 = {
						CreatedOnToolsVersion = 13.3.1;
						TestTargetID = 8AF5AB3A2824187700546E43;
					};
				};
			};
			buildConfigurationList = 8AF5AB362824187700546E43 /* Build configuration list for PBXProject "SwiftSimpler" */;
			compatibilityVersion = "Xcode 13.0";
			developmentRegion = en;
			hasScannedForEncodings = 0;
			knownRegions = (
				en,
				Base,
			);
			mainGroup = 8AF5AB322824187700546E43;
			packageReferences = (
				8AEE9AE728254745005DBFE4 /* XCRemoteSwiftPackageReference "AudioKit" */,
				8A4D990B282BD7A4007804D7 /* XCRemoteSwiftPackageReference "AudioKitEX" */,
				8A76E7A5282E5A350048CD1D /* XCRemoteSwiftPackageReference "SoundpipeAudioKit" */,
				8A84D9B628608DD800B08057 /* XCRemoteSwiftPackageReference "DunneAudioKit" */,
			);
			productRefGroup = 8AF5AB3C2824187700546E43 /* Products */;
			projectDirPath = "";
			projectRoot = "";
			targets = (
				8AF5AB3A2824187700546E43 /* SwiftSimpler */,
				8AF5AB4A2824187800546E43 /* SwiftSimplerTests */,
				8AF5AB542824187800546E43 /* SwiftSimplerUITests */,
			);
		};
/* End PBXProject section */

/* Begin PBXResourcesBuildPhase section */
		8AF5AB392824187700546E43 /* Resources */ = {
			isa = PBXResourcesBuildPhase;
			buildActionMask = 2147483647;
			files = (
				8AEE9AEE28255E88005DBFE4 /* MIDI Files in Resources */,
				8AEE9AEC28255D66005DBFE4 /* Samples in Resources */,
				8AF5AB462824187800546E43 /* Preview Assets.xcassets in Resources */,
				8AF5AB432824187800546E43 /* Assets.xcassets in Resources */,
			);
			runOnlyForDeploymentPostprocessing = 0;
		};
		8AF5AB492824187800546E43 /* Resources */ = {
			isa = PBXResourcesBuildPhase;
			buildActionMask = 2147483647;
			files = (
			);
			runOnlyForDeploymentPostprocessing = 0;
		};
		8AF5AB532824187800546E43 /* Resources */ = {
			isa = PBXResourcesBuildPhase;
			buildActionMask = 2147483647;
			files = (
			);
			runOnlyForDeploymentPostprocessing = 0;
		};
/* End PBXResourcesBuildPhase section */

/* Begin PBXSourcesBuildPhase section */
		8AF5AB372824187700546E43 /* Sources */ = {
			isa = PBXSourcesBuildPhase;
			buildActionMask = 2147483647;
			files = (
				8A84D9B328608D3C00B08057 /* FlangerView.swift in Sources */,
				8A321CB3283B71DC00D0B269 /* Sampler.swift in Sources */,
				8AD6F7EF284F72D800504A11 /* MainView.swift in Sources */,
				8A6E123F287837B800BFEED4 /* PadsView.swift in Sources */,
				8A4F7B5B2851FBF50026E136 /* BorderModifier.swift in Sources */,
				8A4D9911282CD031007804D7 /* SampleChannel.swift in Sources */,
				8A84D9C32861B1C700B08057 /* ControlButtonsContainer.swift in Sources */,
				8A76E7A4282E485C0048CD1D /* EffectType.swift in Sources */,
				8AD76AC62859E9F90088CC1E /* KnobSegment.swift in Sources */,
				8A84D9BE2860964D00B08057 /* EqualizerView.swift in Sources */,
				8A9CFB632851ECF4003B57E7 /* EffectsConfigurationView.swift in Sources */,
				8A4F7B5E2851FD000026E136 /* EffectConfigurationView.swift in Sources */,
				8A84D9C52861B43B00B08057 /* Triangle.swift in Sources */,
				8A837BAC283BB294004C16E2 /* EffectsConfiguration+Delay.swift in Sources */,
				8A837BBF283BC331004C16E2 /* EffectsConfiguration+Mixer.swift in Sources */,
				8A9B4DE32861EA2500C58928 /* BMPConfiguration.swift in Sources */,
				8AE861DF28291855002A1949 /* AVAudioFile+Extention.swift in Sources */,
				8A3C13B4283FAD2C00AE0D6F /* EffectsConfiguration+CutoffFilter.swift in Sources */,
				8A84D9B528608D9B00B08057 /* EffectsConfiguration+Flanger.swift in Sources */,
				8A83F57F2833E2F9002ED26F /* EffectsDropDelegate.swift in Sources */,
				8AD76AC32858C0D70088CC1E /* ReverbView.swift in Sources */,
				8AFD58D9285C74E600B8AEA8 /* DelayView.swift in Sources */,
				8A4D990F282CD01A007804D7 /* SimplerSequencer.swift in Sources */,
				8AD76ACE2859EA5C0088CC1E /* KnobControlEdgesShape.swift in Sources */,
				8ABFE99E28533F900049A859 /* OutputConfugurationView.swift in Sources */,
				8AF5AB3F2824187700546E43 /* SwiftSimplerApp.swift in Sources */,
				8A3E819F287EF3DE00A1881F /* Effect+Title.swift in Sources */,
				8A1A9FE32872D701006C0A2A /* SequencePositionView.swift in Sources */,
				8A9B4DEB2862071000C58928 /* ControlButton.swift in Sources */,
				8AFD58D4285C6F1B00B8AEA8 /* BypassToggle.swift in Sources */,
				8A9B4DE92862066300C58928 /* PadsViewState.swift in Sources */,
				8A4D9918282D2BC2007804D7 /* AudioFileManager.swift in Sources */,
				8A837BA8283BB249004C16E2 /* EffectsConfiguration+Distortion.swift in Sources */,
				8AD76ACB2859EA3B0088CC1E /* KnobControlPointerShape.swift in Sources */,
				8A84D9BC286092DC00B08057 /* DistortionView.swift in Sources */,
				8AFD58D6285C6F6500B8AEA8 /* KnobValueFormatter.swift in Sources */,
				8A84D9BA286090D600B08057 /* Node+Extention.swift in Sources */,
				8A76E7A9282E61C50048CD1D /* EffectsConfiguration.swift in Sources */,
				8A10EB5F28522118002904D8 /* OpenEdgeRoundedRect.swift in Sources */,
				8A774D2B287841DB00A9D77F /* SamplePad.swift in Sources */,
				8AD6F7F1284F739A00504A11 /* Colors.swift in Sources */,
				8A837BAE283BB2EF004C16E2 /* Parameter.swift in Sources */,
				8A3C13B2283FAD1200AE0D6F /* EffectsConfiguration+Equalizer.swift in Sources */,
				8A837BAA283BB277004C16E2 /* EffectsConfiguration+Reverb.swift in Sources */,
				8AD76AC92859EA160088CC1E /* KnobControl.swift in Sources */,
				8A321CB0283B6BBD00D0B269 /* Conductor.swift in Sources */,
				8A84D9C02860992800B08057 /* CutoffView.swift in Sources */,
				8AD56878287C2CF8002E971D /* SequecerPad.swift in Sources */,
				8AD76AD02859EA7D0088CC1E /* CGFloat+Extention.swift in Sources */,
				8AD5687C287C2D72002E971D /* Velocity.swift in Sources */,
				8AD5687A287C2D3C002E971D /* SequencerData.swift in Sources */,
				8A9B4DE5286202BD00C58928 /* PauseShape.swift in Sources */,
				8AD56873287C2C93002E971D /* SequencerPadsView.swift in Sources */,
				8ABFE9A02853408E0049A859 /* ProjectButtonsView.swift in Sources */,
				8A6E1241287837D600BFEED4 /* SamplePadsView.swift in Sources */,
				8A9B4DE72862035600C58928 /* PlayButton.swift in Sources */,
				8AD56876287C2CCF002E971D /* SequenceLineView.swift in Sources */,
				8AD98C99283E3D49009434C6 /* Data.swift in Sources */,
				8A774D2E2878454F00A9D77F /* TrackButton.swift in Sources */,
				8AD76AC12858C07C0088CC1E /* EffectPickerView.swift in Sources */,
				8A9B4DED28620BCF00C58928 /* BPMTriangleButton.swift in Sources */,
			);
			runOnlyForDeploymentPostprocessing = 0;
		};
		8AF5AB472824187800546E43 /* Sources */ = {
			isa = PBXSourcesBuildPhase;
			buildActionMask = 2147483647;
			files = (
				8AF5AB502824187800546E43 /* SwiftSimplerTests.swift in Sources */,
			);
			runOnlyForDeploymentPostprocessing = 0;
		};
		8AF5AB512824187800546E43 /* Sources */ = {
			isa = PBXSourcesBuildPhase;
			buildActionMask = 2147483647;
			files = (
				8AF5AB5A2824187800546E43 /* SwiftSimplerUITests.swift in Sources */,
				8AF5AB5C2824187800546E43 /* SwiftSimplerUITestsLaunchTests.swift in Sources */,
			);
			runOnlyForDeploymentPostprocessing = 0;
		};
/* End PBXSourcesBuildPhase section */

/* Begin PBXTargetDependency section */
		8AF5AB4D2824187800546E43 /* PBXTargetDependency */ = {
			isa = PBXTargetDependency;
			target = 8AF5AB3A2824187700546E43 /* SwiftSimpler */;
			targetProxy = 8AF5AB4C2824187800546E43 /* PBXContainerItemProxy */;
		};
		8AF5AB572824187800546E43 /* PBXTargetDependency */ = {
			isa = PBXTargetDependency;
			target = 8AF5AB3A2824187700546E43 /* SwiftSimpler */;
			targetProxy = 8AF5AB562824187800546E43 /* PBXContainerItemProxy */;
		};
/* End PBXTargetDependency section */

/* Begin XCBuildConfiguration section */
		8AF5AB5D2824187800546E43 /* Debug */ = {
			isa = XCBuildConfiguration;
			buildSettings = {
				ALWAYS_SEARCH_USER_PATHS = NO;
				CLANG_ANALYZER_NONNULL = YES;
				CLANG_ANALYZER_NUMBER_OBJECT_CONVERSION = YES_AGGRESSIVE;
				CLANG_CXX_LANGUAGE_STANDARD = "gnu++17";
				CLANG_ENABLE_MODULES = YES;
				CLANG_ENABLE_OBJC_ARC = YES;
				CLANG_ENABLE_OBJC_WEAK = YES;
				CLANG_WARN_BLOCK_CAPTURE_AUTORELEASING = YES;
				CLANG_WARN_BOOL_CONVERSION = YES;
				CLANG_WARN_COMMA = YES;
				CLANG_WARN_CONSTANT_CONVERSION = YES;
				CLANG_WARN_DEPRECATED_OBJC_IMPLEMENTATIONS = YES;
				CLANG_WARN_DIRECT_OBJC_ISA_USAGE = YES_ERROR;
				CLANG_WARN_DOCUMENTATION_COMMENTS = YES;
				CLANG_WARN_EMPTY_BODY = YES;
				CLANG_WARN_ENUM_CONVERSION = YES;
				CLANG_WARN_INFINITE_RECURSION = YES;
				CLANG_WARN_INT_CONVERSION = YES;
				CLANG_WARN_NON_LITERAL_NULL_CONVERSION = YES;
				CLANG_WARN_OBJC_IMPLICIT_RETAIN_SELF = YES;
				CLANG_WARN_OBJC_LITERAL_CONVERSION = YES;
				CLANG_WARN_OBJC_ROOT_CLASS = YES_ERROR;
				CLANG_WARN_QUOTED_INCLUDE_IN_FRAMEWORK_HEADER = YES;
				CLANG_WARN_RANGE_LOOP_ANALYSIS = YES;
				CLANG_WARN_STRICT_PROTOTYPES = YES;
				CLANG_WARN_SUSPICIOUS_MOVE = YES;
				CLANG_WARN_UNGUARDED_AVAILABILITY = YES_AGGRESSIVE;
				CLANG_WARN_UNREACHABLE_CODE = YES;
				CLANG_WARN__DUPLICATE_METHOD_MATCH = YES;
				COPY_PHASE_STRIP = NO;
				DEBUG_INFORMATION_FORMAT = dwarf;
				ENABLE_STRICT_OBJC_MSGSEND = YES;
				ENABLE_TESTABILITY = YES;
				GCC_C_LANGUAGE_STANDARD = gnu11;
				GCC_DYNAMIC_NO_PIC = NO;
				GCC_NO_COMMON_BLOCKS = YES;
				GCC_OPTIMIZATION_LEVEL = 0;
				GCC_PREPROCESSOR_DEFINITIONS = (
					"DEBUG=1",
					"$(inherited)",
				);
				GCC_WARN_64_TO_32_BIT_CONVERSION = YES;
				GCC_WARN_ABOUT_RETURN_TYPE = YES_ERROR;
				GCC_WARN_UNDECLARED_SELECTOR = YES;
				GCC_WARN_UNINITIALIZED_AUTOS = YES_AGGRESSIVE;
				GCC_WARN_UNUSED_FUNCTION = YES;
				GCC_WARN_UNUSED_VARIABLE = YES;
				IPHONEOS_DEPLOYMENT_TARGET = 15.0;
				MTL_ENABLE_DEBUG_INFO = INCLUDE_SOURCE;
				MTL_FAST_MATH = YES;
				ONLY_ACTIVE_ARCH = YES;
				SDKROOT = iphoneos;
				SWIFT_ACTIVE_COMPILATION_CONDITIONS = DEBUG;
				SWIFT_OPTIMIZATION_LEVEL = "-Onone";
			};
			name = Debug;
		};
		8AF5AB5E2824187800546E43 /* Release */ = {
			isa = XCBuildConfiguration;
			buildSettings = {
				ALWAYS_SEARCH_USER_PATHS = NO;
				CLANG_ANALYZER_NONNULL = YES;
				CLANG_ANALYZER_NUMBER_OBJECT_CONVERSION = YES_AGGRESSIVE;
				CLANG_CXX_LANGUAGE_STANDARD = "gnu++17";
				CLANG_ENABLE_MODULES = YES;
				CLANG_ENABLE_OBJC_ARC = YES;
				CLANG_ENABLE_OBJC_WEAK = YES;
				CLANG_WARN_BLOCK_CAPTURE_AUTORELEASING = YES;
				CLANG_WARN_BOOL_CONVERSION = YES;
				CLANG_WARN_COMMA = YES;
				CLANG_WARN_CONSTANT_CONVERSION = YES;
				CLANG_WARN_DEPRECATED_OBJC_IMPLEMENTATIONS = YES;
				CLANG_WARN_DIRECT_OBJC_ISA_USAGE = YES_ERROR;
				CLANG_WARN_DOCUMENTATION_COMMENTS = YES;
				CLANG_WARN_EMPTY_BODY = YES;
				CLANG_WARN_ENUM_CONVERSION = YES;
				CLANG_WARN_INFINITE_RECURSION = YES;
				CLANG_WARN_INT_CONVERSION = YES;
				CLANG_WARN_NON_LITERAL_NULL_CONVERSION = YES;
				CLANG_WARN_OBJC_IMPLICIT_RETAIN_SELF = YES;
				CLANG_WARN_OBJC_LITERAL_CONVERSION = YES;
				CLANG_WARN_OBJC_ROOT_CLASS = YES_ERROR;
				CLANG_WARN_QUOTED_INCLUDE_IN_FRAMEWORK_HEADER = YES;
				CLANG_WARN_RANGE_LOOP_ANALYSIS = YES;
				CLANG_WARN_STRICT_PROTOTYPES = YES;
				CLANG_WARN_SUSPICIOUS_MOVE = YES;
				CLANG_WARN_UNGUARDED_AVAILABILITY = YES_AGGRESSIVE;
				CLANG_WARN_UNREACHABLE_CODE = YES;
				CLANG_WARN__DUPLICATE_METHOD_MATCH = YES;
				COPY_PHASE_STRIP = NO;
				DEBUG_INFORMATION_FORMAT = "dwarf-with-dsym";
				ENABLE_NS_ASSERTIONS = NO;
				ENABLE_STRICT_OBJC_MSGSEND = YES;
				GCC_C_LANGUAGE_STANDARD = gnu11;
				GCC_NO_COMMON_BLOCKS = YES;
				GCC_WARN_64_TO_32_BIT_CONVERSION = YES;
				GCC_WARN_ABOUT_RETURN_TYPE = YES_ERROR;
				GCC_WARN_UNDECLARED_SELECTOR = YES;
				GCC_WARN_UNINITIALIZED_AUTOS = YES_AGGRESSIVE;
				GCC_WARN_UNUSED_FUNCTION = YES;
				GCC_WARN_UNUSED_VARIABLE = YES;
				IPHONEOS_DEPLOYMENT_TARGET = 15.0;
				MTL_ENABLE_DEBUG_INFO = NO;
				MTL_FAST_MATH = YES;
				SDKROOT = iphoneos;
				SWIFT_COMPILATION_MODE = wholemodule;
				SWIFT_OPTIMIZATION_LEVEL = "-O";
				VALIDATE_PRODUCT = YES;
			};
			name = Release;
		};
		8AF5AB602824187800546E43 /* Debug */ = {
			isa = XCBuildConfiguration;
			buildSettings = {
				ASSETCATALOG_COMPILER_APPICON_NAME = AppIcon;
				ASSETCATALOG_COMPILER_GLOBAL_ACCENT_COLOR_NAME = AccentColor;
				CODE_SIGN_STYLE = Automatic;
				CURRENT_PROJECT_VERSION = 1;
				DEVELOPMENT_ASSET_PATHS = "\"SwiftSimpler/Preview Content\"";
				DEVELOPMENT_TEAM = 6J2HZER4F3;
				ENABLE_PREVIEWS = YES;
				GENERATE_INFOPLIST_FILE = YES;
				INFOPLIST_FILE = SwiftSimpler/Info.plist;
				INFOPLIST_KEY_UIApplicationSupportsIndirectInputEvents = YES;
				INFOPLIST_KEY_UILaunchScreen_Generation = YES;
				INFOPLIST_KEY_UIRequiresFullScreen = YES;
				INFOPLIST_KEY_UISupportedInterfaceOrientations_iPad = "UIInterfaceOrientationLandscapeLeft UIInterfaceOrientationLandscapeRight";
				INFOPLIST_KEY_UISupportedInterfaceOrientations_iPhone = "UIInterfaceOrientationPortrait UIInterfaceOrientationLandscapeLeft UIInterfaceOrientationLandscapeRight";
				LD_RUNPATH_SEARCH_PATHS = (
					"$(inherited)",
					"@executable_path/Frameworks",
				);
				MARKETING_VERSION = 1.0;
				PRODUCT_BUNDLE_IDENTIFIER = Test.SwiftSimpler;
				PRODUCT_NAME = "$(TARGET_NAME)";
				SWIFT_EMIT_LOC_STRINGS = YES;
				SWIFT_VERSION = 5.0;
				TARGETED_DEVICE_FAMILY = 2;
			};
			name = Debug;
		};
		8AF5AB612824187800546E43 /* Release */ = {
			isa = XCBuildConfiguration;
			buildSettings = {
				ASSETCATALOG_COMPILER_APPICON_NAME = AppIcon;
				ASSETCATALOG_COMPILER_GLOBAL_ACCENT_COLOR_NAME = AccentColor;
				CODE_SIGN_STYLE = Automatic;
				CURRENT_PROJECT_VERSION = 1;
				DEVELOPMENT_ASSET_PATHS = "\"SwiftSimpler/Preview Content\"";
				DEVELOPMENT_TEAM = 6J2HZER4F3;
				ENABLE_PREVIEWS = YES;
				GENERATE_INFOPLIST_FILE = YES;
				INFOPLIST_FILE = SwiftSimpler/Info.plist;
				INFOPLIST_KEY_UIApplicationSupportsIndirectInputEvents = YES;
				INFOPLIST_KEY_UILaunchScreen_Generation = YES;
				INFOPLIST_KEY_UIRequiresFullScreen = YES;
				INFOPLIST_KEY_UISupportedInterfaceOrientations_iPad = "UIInterfaceOrientationLandscapeLeft UIInterfaceOrientationLandscapeRight";
				INFOPLIST_KEY_UISupportedInterfaceOrientations_iPhone = "UIInterfaceOrientationPortrait UIInterfaceOrientationLandscapeLeft UIInterfaceOrientationLandscapeRight";
				LD_RUNPATH_SEARCH_PATHS = (
					"$(inherited)",
					"@executable_path/Frameworks",
				);
				MARKETING_VERSION = 1.0;
				PRODUCT_BUNDLE_IDENTIFIER = Test.SwiftSimpler;
				PRODUCT_NAME = "$(TARGET_NAME)";
				SWIFT_EMIT_LOC_STRINGS = YES;
				SWIFT_VERSION = 5.0;
				TARGETED_DEVICE_FAMILY = 2;
			};
			name = Release;
		};
		8AF5AB632824187800546E43 /* Debug */ = {
			isa = XCBuildConfiguration;
			buildSettings = {
				ALWAYS_EMBED_SWIFT_STANDARD_LIBRARIES = YES;
				BUNDLE_LOADER = "$(TEST_HOST)";
				CODE_SIGN_STYLE = Automatic;
				CURRENT_PROJECT_VERSION = 1;
				DEVELOPMENT_TEAM = 6J2HZER4F3;
				GENERATE_INFOPLIST_FILE = YES;
				IPHONEOS_DEPLOYMENT_TARGET = 15.4;
				MARKETING_VERSION = 1.0;
				PRODUCT_BUNDLE_IDENTIFIER = Test.SwiftSimplerTests;
				PRODUCT_NAME = "$(TARGET_NAME)";
				SWIFT_EMIT_LOC_STRINGS = NO;
				SWIFT_VERSION = 5.0;
				TARGETED_DEVICE_FAMILY = "1,2";
				TEST_HOST = "$(BUILT_PRODUCTS_DIR)/SwiftSimpler.app/SwiftSimpler";
			};
			name = Debug;
		};
		8AF5AB642824187800546E43 /* Release */ = {
			isa = XCBuildConfiguration;
			buildSettings = {
				ALWAYS_EMBED_SWIFT_STANDARD_LIBRARIES = YES;
				BUNDLE_LOADER = "$(TEST_HOST)";
				CODE_SIGN_STYLE = Automatic;
				CURRENT_PROJECT_VERSION = 1;
				DEVELOPMENT_TEAM = 6J2HZER4F3;
				GENERATE_INFOPLIST_FILE = YES;
				IPHONEOS_DEPLOYMENT_TARGET = 15.4;
				MARKETING_VERSION = 1.0;
				PRODUCT_BUNDLE_IDENTIFIER = Test.SwiftSimplerTests;
				PRODUCT_NAME = "$(TARGET_NAME)";
				SWIFT_EMIT_LOC_STRINGS = NO;
				SWIFT_VERSION = 5.0;
				TARGETED_DEVICE_FAMILY = "1,2";
				TEST_HOST = "$(BUILT_PRODUCTS_DIR)/SwiftSimpler.app/SwiftSimpler";
			};
			name = Release;
		};
		8AF5AB662824187800546E43 /* Debug */ = {
			isa = XCBuildConfiguration;
			buildSettings = {
				ALWAYS_EMBED_SWIFT_STANDARD_LIBRARIES = YES;
				CODE_SIGN_STYLE = Automatic;
				CURRENT_PROJECT_VERSION = 1;
				DEVELOPMENT_TEAM = 6J2HZER4F3;
				GENERATE_INFOPLIST_FILE = YES;
				MARKETING_VERSION = 1.0;
				PRODUCT_BUNDLE_IDENTIFIER = Test.SwiftSimplerUITests;
				PRODUCT_NAME = "$(TARGET_NAME)";
				SWIFT_EMIT_LOC_STRINGS = NO;
				SWIFT_VERSION = 5.0;
				TARGETED_DEVICE_FAMILY = "1,2";
				TEST_TARGET_NAME = SwiftSimpler;
			};
			name = Debug;
		};
		8AF5AB672824187800546E43 /* Release */ = {
			isa = XCBuildConfiguration;
			buildSettings = {
				ALWAYS_EMBED_SWIFT_STANDARD_LIBRARIES = YES;
				CODE_SIGN_STYLE = Automatic;
				CURRENT_PROJECT_VERSION = 1;
				DEVELOPMENT_TEAM = 6J2HZER4F3;
				GENERATE_INFOPLIST_FILE = YES;
				MARKETING_VERSION = 1.0;
				PRODUCT_BUNDLE_IDENTIFIER = Test.SwiftSimplerUITests;
				PRODUCT_NAME = "$(TARGET_NAME)";
				SWIFT_EMIT_LOC_STRINGS = NO;
				SWIFT_VERSION = 5.0;
				TARGETED_DEVICE_FAMILY = "1,2";
				TEST_TARGET_NAME = SwiftSimpler;
			};
			name = Release;
		};
/* End XCBuildConfiguration section */

/* Begin XCConfigurationList section */
		8AF5AB362824187700546E43 /* Build configuration list for PBXProject "SwiftSimpler" */ = {
			isa = XCConfigurationList;
			buildConfigurations = (
				8AF5AB5D2824187800546E43 /* Debug */,
				8AF5AB5E2824187800546E43 /* Release */,
			);
			defaultConfigurationIsVisible = 0;
			defaultConfigurationName = Release;
		};
		8AF5AB5F2824187800546E43 /* Build configuration list for PBXNativeTarget "SwiftSimpler" */ = {
			isa = XCConfigurationList;
			buildConfigurations = (
				8AF5AB602824187800546E43 /* Debug */,
				8AF5AB612824187800546E43 /* Release */,
			);
			defaultConfigurationIsVisible = 0;
			defaultConfigurationName = Release;
		};
		8AF5AB622824187800546E43 /* Build configuration list for PBXNativeTarget "SwiftSimplerTests" */ = {
			isa = XCConfigurationList;
			buildConfigurations = (
				8AF5AB632824187800546E43 /* Debug */,
				8AF5AB642824187800546E43 /* Release */,
			);
			defaultConfigurationIsVisible = 0;
			defaultConfigurationName = Release;
		};
		8AF5AB652824187800546E43 /* Build configuration list for PBXNativeTarget "SwiftSimplerUITests" */ = {
			isa = XCConfigurationList;
			buildConfigurations = (
				8AF5AB662824187800546E43 /* Debug */,
				8AF5AB672824187800546E43 /* Release */,
			);
			defaultConfigurationIsVisible = 0;
			defaultConfigurationName = Release;
		};
/* End XCConfigurationList section */

/* Begin XCRemoteSwiftPackageReference section */
		8A4D990B282BD7A4007804D7 /* XCRemoteSwiftPackageReference "AudioKitEX" */ = {
			isa = XCRemoteSwiftPackageReference;
			repositoryURL = "https://github.com/AudioKit/AudioKitEX.git";
			requirement = {
				kind = upToNextMajorVersion;
				minimumVersion = 5.0.0;
			};
		};
		8A76E7A5282E5A350048CD1D /* XCRemoteSwiftPackageReference "SoundpipeAudioKit" */ = {
			isa = XCRemoteSwiftPackageReference;
			repositoryURL = "https://github.com/AudioKit/SoundpipeAudioKit.git";
			requirement = {
				kind = upToNextMajorVersion;
				minimumVersion = 5.0.0;
			};
		};
		8A84D9B628608DD800B08057 /* XCRemoteSwiftPackageReference "DunneAudioKit" */ = {
			isa = XCRemoteSwiftPackageReference;
			repositoryURL = "https://github.com/AudioKit/DunneAudioKit.git";
			requirement = {
				kind = upToNextMajorVersion;
				minimumVersion = 5.0.0;
			};
		};
		8AEE9AE728254745005DBFE4 /* XCRemoteSwiftPackageReference "AudioKit" */ = {
			isa = XCRemoteSwiftPackageReference;
			repositoryURL = "https://github.com/AudioKit/AudioKit.git";
			requirement = {
				kind = upToNextMajorVersion;
				minimumVersion = 5.0.0;
			};
		};
/* End XCRemoteSwiftPackageReference section */

/* Begin XCSwiftPackageProductDependency section */
		8A4D990C282BD7A4007804D7 /* AudioKitEX */ = {
			isa = XCSwiftPackageProductDependency;
			package = 8A4D990B282BD7A4007804D7 /* XCRemoteSwiftPackageReference "AudioKitEX" */;
			productName = AudioKitEX;
		};
		8A76E7A6282E5A350048CD1D /* SoundpipeAudioKit */ = {
			isa = XCSwiftPackageProductDependency;
			package = 8A76E7A5282E5A350048CD1D /* XCRemoteSwiftPackageReference "SoundpipeAudioKit" */;
			productName = SoundpipeAudioKit;
		};
		8A84D9B728608DD800B08057 /* DunneAudioKit */ = {
			isa = XCSwiftPackageProductDependency;
			package = 8A84D9B628608DD800B08057 /* XCRemoteSwiftPackageReference "DunneAudioKit" */;
			productName = DunneAudioKit;
		};
		8AEE9AE828254745005DBFE4 /* AudioKit */ = {
			isa = XCSwiftPackageProductDependency;
			package = 8AEE9AE728254745005DBFE4 /* XCRemoteSwiftPackageReference "AudioKit" */;
			productName = AudioKit;
		};
/* End XCSwiftPackageProductDependency section */
	};
	rootObject = 8AF5AB332824187700546E43 /* Project object */;
}
